
Microsoft Visual Studio Solution File, Format Version 12.00
# Visual Studio Version 17
VisualStudioVersion = 17.7.34202.233
MinimumVisualStudioVersion = 10.0.40219.1
Project("{9A19103F-16F7-4668-BE54-9A1E7A4F7556}") = "BasicAppAPIConsumer", "BasicAppAPIConsumer\BasicAppAPIConsumer.csproj", "{1FD9CC69-0998-41C3-9489-844CFAF612DE}"
EndProject
Project("{9A19103F-16F7-4668-BE54-9A1E7A4F7556}") = "Services", "Services\Services.csproj", "{BDFD7025-134E-4A6B-A0F5-86BFE7F86F75}"
EndProject
Project("{9A19103F-16F7-4668-BE54-9A1E7A4F7556}") = "test", "test\test.csproj", "{5D143DC9-F18A-4C65-BA8E-AEE922B4239F}"
EndProject
Project("{9A19103F-16F7-4668-BE54-9A1E7A4F7556}") = "MerriamWebster.NET", "..\..\..\temp\LunaFit\MerriamWebster.NET-master\source\MerriamWebster.NET\MerriamWebster.NET\MerriamWebster.NET.csproj", "{EDF00869-1713-4283-8214-4191A5F83BA4}"
EndProject
Global
	GlobalSection(SolutionConfigurationPlatforms) = preSolution
		Debug|Any CPU = Debug|Any CPU
		Release|Any CPU = Release|Any CPU
	EndGlobalSection
	GlobalSection(ProjectConfigurationPlatforms) = postSolution
		{1FD9CC69-0998-41C3-9489-844CFAF612DE}.Debug|Any CPU.ActiveCfg = Debug|Any CPU
		{1FD9CC69-0998-41C3-9489-844CFAF612DE}.Debug|Any CPU.Build.0 = Debug|Any CPU
		{1FD9CC69-0998-41C3-9489-844CFAF612DE}.Release|Any CPU.ActiveCfg = Release|Any CPU
		{1FD9CC69-0998-41C3-9489-844CFAF612DE}.Release|Any CPU.Build.0 = Release|Any CPU
		{BDFD7025-134E-4A6B-A0F5-86BFE7F86F75}.Debug|Any CPU.ActiveCfg = Debug|Any CPU
		{BDFD7025-134E-4A6B-A0F5-86BFE7F86F75}.Debug|Any CPU.Build.0 = Debug|Any CPU
		{BDFD7025-134E-4A6B-A0F5-86BFE7F86F75}.Release|Any CPU.ActiveCfg = Release|Any CPU
		{BDFD7025-134E-4A6B-A0F5-86BFE7F86F75}.Release|Any CPU.Build.0 = Release|Any CPU
		{5D143DC9-F18A-4C65-BA8E-AEE922B4239F}.Debug|Any CPU.ActiveCfg = Debug|Any CPU
		{5D143DC9-F18A-4C65-BA8E-AEE922B4239F}.Debug|Any CPU.Build.0 = Debug|Any CPU
		{5D143DC9-F18A-4C65-BA8E-AEE922B4239F}.Release|Any CPU.ActiveCfg = Release|Any CPU
		{5D143DC9-F18A-4C65-BA8E-AEE922B4239F}.Release|Any CPU.Build.0 = Release|Any CPU
		{EDF00869-1713-4283-8214-4191A5F83BA4}.Debug|Any CPU.ActiveCfg = Debug|Any CPU
		{EDF00869-1713-4283-8214-4191A5F83BA4}.Debug|Any CPU.Build.0 = Debug|Any CPU
		{EDF00869-1713-4283-8214-4191A5F83BA4}.Release|Any CPU.ActiveCfg = Release|Any CPU
		{EDF00869-1713-4283-8214-4191A5F83BA4}.Release|Any CPU.Build.0 = Release|Any CPU
	EndGlobalSection
	GlobalSection(SolutionProperties) = preSolution
		HideSolutionNode = FALSE
	EndGlobalSection
	GlobalSection(ExtensibilityGlobals) = postSolution
		SolutionGuid = {CB397047-FF7D-4BC6-B6C6-A5B834F00D93}
	EndGlobalSection
EndGlobal
